
Microsoft Visual Studio Solution File, Format Version 12.00
# Visual Studio 2012
Project("{8BC9CEB8-8B4A-11D0-8D11-00A0C91BC942}") = "omp_test", "omp_test.vcxproj", "{D739C74A-B7EF-4BFB-B1CD-7E236A93272A}"
EndProject
Global
	GlobalSection(SolutionConfigurationPlatforms) = preSolution
		Debug|Win32 = Debug|Win32
		Release|Win32 = Release|Win32
	EndGlobalSection
	GlobalSection(ProjectConfigurationPlatforms) = postSolution
		{D739C74A-B7EF-4BFB-B1CD-7E236A93272A}.Debug|Win32.ActiveCfg = Debug|Win32
		{D739C74A-B7EF-4BFB-B1CD-7E236A93272A}.Debug|Win32.Build.0 = Debug|Win32
		{D739C74A-B7EF-4BFB-B1CD-7E236A93272A}.Release|Win32.ActiveCfg = Release|Win32
		{D739C74A-B7EF-4BFB-B1CD-7E236A93272A}.Release|Win32.Build.0 = Release|Win32
	EndGlobalSection
	GlobalSection(SolutionProperties) = preSolution
		HideSolutionNode = FALSE
	EndGlobalSection
EndGlobal
